
Microsoft Visual Studio Solution File, Format Version 12.00
# Visual Studio Version 17
VisualStudioVersion = 17.9.34723.18
MinimumVisualStudioVersion = 10.0.40219.1
Project("{FAE04EC0-301F-11D3-BF4B-00C04F79EFBC}") = "EmployeeDetailsTracker", "EmployeeDetailsTracker\EmployeeDetailsTracker.csproj", "{274CC6ED-ACFA-4640-9F8A-4A4FBA95E1B6}"
EndProject
Project("{FAE04EC0-301F-11D3-BF4B-00C04F79EFBC}") = "EmployeeDetailsTrackerModelLibrary", "EmployeeDetailsTrackerModelLibrary\EmployeeDetailsTrackerModelLibrary.csproj", "{B8CCAD0A-D397-4BD1-9BD6-B46C05A9D1D5}"
EndProject
Global
	GlobalSection(SolutionConfigurationPlatforms) = preSolution
		Debug|Any CPU = Debug|Any CPU
		Release|Any CPU = Release|Any CPU
	EndGlobalSection
	GlobalSection(ProjectConfigurationPlatforms) = postSolution
		{274CC6ED-ACFA-4640-9F8A-4A4FBA95E1B6}.Debug|Any CPU.ActiveCfg = Debug|Any CPU
		{274CC6ED-ACFA-4640-9F8A-4A4FBA95E1B6}.Debug|Any CPU.Build.0 = Debug|Any CPU
		{274CC6ED-ACFA-4640-9F8A-4A4FBA95E1B6}.Release|Any CPU.ActiveCfg = Release|Any CPU
		{274CC6ED-ACFA-4640-9F8A-4A4FBA95E1B6}.Release|Any CPU.Build.0 = Release|Any CPU
		{B8CCAD0A-D397-4BD1-9BD6-B46C05A9D1D5}.Debug|Any CPU.ActiveCfg = Debug|Any CPU
		{B8CCAD0A-D397-4BD1-9BD6-B46C05A9D1D5}.Debug|Any CPU.Build.0 = Debug|Any CPU
		{B8CCAD0A-D397-4BD1-9BD6-B46C05A9D1D5}.Release|Any CPU.ActiveCfg = Release|Any CPU
		{B8CCAD0A-D397-4BD1-9BD6-B46C05A9D1D5}.Release|Any CPU.Build.0 = Release|Any CPU
	EndGlobalSection
	GlobalSection(SolutionProperties) = preSolution
		HideSolutionNode = FALSE
	EndGlobalSection
	GlobalSection(ExtensibilityGlobals) = postSolution
		SolutionGuid = {8EC0A3CC-D3E7-4A66-ACA9-945BCFA430AE}
	EndGlobalSection
EndGlobal
