
Microsoft Visual Studio Solution File, Format Version 12.00
# Visual Studio Version 17
VisualStudioVersion = 17.9.34723.18
MinimumVisualStudioVersion = 10.0.40219.1
Project("{FAE04EC0-301F-11D3-BF4B-00C04F79EFBC}") = "Task 5", "Task 5\Task 5.csproj", "{EA23821C-EFC2-4881-A0B2-6A0DD275DC0F}"
EndProject
Global
	GlobalSection(SolutionConfigurationPlatforms) = preSolution
		Debug|Any CPU = Debug|Any CPU
		Release|Any CPU = Release|Any CPU
	EndGlobalSection
	GlobalSection(ProjectConfigurationPlatforms) = postSolution
		{EA23821C-EFC2-4881-A0B2-6A0DD275DC0F}.Debug|Any CPU.ActiveCfg = Debug|Any CPU
		{EA23821C-EFC2-4881-A0B2-6A0DD275DC0F}.Debug|Any CPU.Build.0 = Debug|Any CPU
		{EA23821C-EFC2-4881-A0B2-6A0DD275DC0F}.Release|Any CPU.ActiveCfg = Release|Any CPU
		{EA23821C-EFC2-4881-A0B2-6A0DD275DC0F}.Release|Any CPU.Build.0 = Release|Any CPU
	EndGlobalSection
	GlobalSection(SolutionProperties) = preSolution
		HideSolutionNode = FALSE
	EndGlobalSection
	GlobalSection(ExtensibilityGlobals) = postSolution
		SolutionGuid = {75EA9B90-90BF-4450-937F-63410AFA67D1}
	EndGlobalSection
EndGlobal
