
Microsoft Visual Studio Solution File, Format Version 12.00
# Visual Studio Version 17
VisualStudioVersion = 17.9.34723.18
MinimumVisualStudioVersion = 10.0.40219.1
Project("{9A19103F-16F7-4668-BE54-9A1E7A4F7556}") = "EmployeeTracker", "EmployeeTracker\EmployeeTracker.csproj", "{ED0672E9-1B09-4833-89EA-07569C74D170}"
EndProject
Project("{FAE04EC0-301F-11D3-BF4B-00C04F79EFBC}") = "RequestTrackerUnitTest", "RequestTrackerUnitTest\RequestTrackerUnitTest.csproj", "{26687F3A-AAA2-466C-84EC-7151CA5116AE}"
EndProject
Global
	GlobalSection(SolutionConfigurationPlatforms) = preSolution
		Debug|Any CPU = Debug|Any CPU
		Release|Any CPU = Release|Any CPU
	EndGlobalSection
	GlobalSection(ProjectConfigurationPlatforms) = postSolution
		{ED0672E9-1B09-4833-89EA-07569C74D170}.Debug|Any CPU.ActiveCfg = Debug|Any CPU
		{ED0672E9-1B09-4833-89EA-07569C74D170}.Debug|Any CPU.Build.0 = Debug|Any CPU
		{ED0672E9-1B09-4833-89EA-07569C74D170}.Release|Any CPU.ActiveCfg = Release|Any CPU
		{ED0672E9-1B09-4833-89EA-07569C74D170}.Release|Any CPU.Build.0 = Release|Any CPU
		{26687F3A-AAA2-466C-84EC-7151CA5116AE}.Debug|Any CPU.ActiveCfg = Debug|Any CPU
		{26687F3A-AAA2-466C-84EC-7151CA5116AE}.Debug|Any CPU.Build.0 = Debug|Any CPU
		{26687F3A-AAA2-466C-84EC-7151CA5116AE}.Release|Any CPU.ActiveCfg = Release|Any CPU
		{26687F3A-AAA2-466C-84EC-7151CA5116AE}.Release|Any CPU.Build.0 = Release|Any CPU
	EndGlobalSection
	GlobalSection(SolutionProperties) = preSolution
		HideSolutionNode = FALSE
	EndGlobalSection
	GlobalSection(ExtensibilityGlobals) = postSolution
		SolutionGuid = {22BD4C19-92AD-4907-90FA-1151D94AF1BE}
	EndGlobalSection
EndGlobal
