
Microsoft Visual Studio Solution File, Format Version 12.00
# Visual Studio Version 17
VisualStudioVersion = 17.9.34723.18
MinimumVisualStudioVersion = 10.0.40219.1
Project("{FAE04EC0-301F-11D3-BF4B-00C04F79EFBC}") = "RequestTrackerApplication", "RequestTrackerApplication\RequestTrackerApplication.csproj", "{F8E5E38D-C7B6-4A59-9845-B6B1F043CAF1}"
EndProject
Project("{FAE04EC0-301F-11D3-BF4B-00C04F79EFBC}") = "RequestTrackerModuleLibrary", "RequestTrackerModuleLibrary\RequestTrackerModuleLibrary.csproj", "{0605FBBB-E65B-4543-BAEE-5602BB261E69}"
EndProject
Global
	GlobalSection(SolutionConfigurationPlatforms) = preSolution
		Debug|Any CPU = Debug|Any CPU
		Release|Any CPU = Release|Any CPU
	EndGlobalSection
	GlobalSection(ProjectConfigurationPlatforms) = postSolution
		{F8E5E38D-C7B6-4A59-9845-B6B1F043CAF1}.Debug|Any CPU.ActiveCfg = Debug|Any CPU
		{F8E5E38D-C7B6-4A59-9845-B6B1F043CAF1}.Debug|Any CPU.Build.0 = Debug|Any CPU
		{F8E5E38D-C7B6-4A59-9845-B6B1F043CAF1}.Release|Any CPU.ActiveCfg = Release|Any CPU
		{F8E5E38D-C7B6-4A59-9845-B6B1F043CAF1}.Release|Any CPU.Build.0 = Release|Any CPU
		{0605FBBB-E65B-4543-BAEE-5602BB261E69}.Debug|Any CPU.ActiveCfg = Debug|Any CPU
		{0605FBBB-E65B-4543-BAEE-5602BB261E69}.Debug|Any CPU.Build.0 = Debug|Any CPU
		{0605FBBB-E65B-4543-BAEE-5602BB261E69}.Release|Any CPU.ActiveCfg = Release|Any CPU
		{0605FBBB-E65B-4543-BAEE-5602BB261E69}.Release|Any CPU.Build.0 = Release|Any CPU
	EndGlobalSection
	GlobalSection(SolutionProperties) = preSolution
		HideSolutionNode = FALSE
	EndGlobalSection
	GlobalSection(ExtensibilityGlobals) = postSolution
		SolutionGuid = {3B9FBA34-8CDD-4F4F-AC6A-905307B05382}
	EndGlobalSection
EndGlobal
