
Microsoft Visual Studio Solution File, Format Version 12.00
# Visual Studio Version 17
VisualStudioVersion = 17.9.34723.18
MinimumVisualStudioVersion = 10.0.40219.1
Project("{FAE04EC0-301F-11D3-BF4B-00C04F79EFBC}") = "Task 4", "Task 4\Task 4.csproj", "{8CA261FE-FD94-4CF9-93F4-EDC9ED0940A5}"
EndProject
Global
	GlobalSection(SolutionConfigurationPlatforms) = preSolution
		Debug|Any CPU = Debug|Any CPU
		Release|Any CPU = Release|Any CPU
	EndGlobalSection
	GlobalSection(ProjectConfigurationPlatforms) = postSolution
		{8CA261FE-FD94-4CF9-93F4-EDC9ED0940A5}.Debug|Any CPU.ActiveCfg = Debug|Any CPU
		{8CA261FE-FD94-4CF9-93F4-EDC9ED0940A5}.Debug|Any CPU.Build.0 = Debug|Any CPU
		{8CA261FE-FD94-4CF9-93F4-EDC9ED0940A5}.Release|Any CPU.ActiveCfg = Release|Any CPU
		{8CA261FE-FD94-4CF9-93F4-EDC9ED0940A5}.Release|Any CPU.Build.0 = Release|Any CPU
	EndGlobalSection
	GlobalSection(SolutionProperties) = preSolution
		HideSolutionNode = FALSE
	EndGlobalSection
	GlobalSection(ExtensibilityGlobals) = postSolution
		SolutionGuid = {B9FA6A04-947C-45EC-9899-A4EFC1069F2C}
	EndGlobalSection
EndGlobal
