
Microsoft Visual Studio Solution File, Format Version 12.00
# Visual Studio Version 17
VisualStudioVersion = 17.9.34723.18
MinimumVisualStudioVersion = 10.0.40219.1
Project("{FAE04EC0-301F-11D3-BF4B-00C04F79EFBC}") = "Pizza Selling Store Management application", "Pizza Selling Store Management application\Pizza Selling Store Management application.csproj", "{30B57BA1-5121-4AA1-8E85-D5FA303C5570}"
EndProject
Project("{FAE04EC0-301F-11D3-BF4B-00C04F79EFBC}") = "Pizza Store Model library", "Pizza Store Model library\Pizza Store Model library.csproj", "{EE055825-217E-462D-82E6-E75561B062DD}"
EndProject
Project("{FAE04EC0-301F-11D3-BF4B-00C04F79EFBC}") = "Pizza Store DAL library", "Pizza Store DAL library\Pizza Store DAL library.csproj", "{F3D088AE-2F72-4410-85E3-A065B0E1B623}"
EndProject
Project("{FAE04EC0-301F-11D3-BF4B-00C04F79EFBC}") = "Pizza Store BL Library", "Pizza Store BL Library\Pizza Store BL Library.csproj", "{29C10A29-EE4D-48AD-8204-A7C43A96CABA}"
EndProject
Project("{FAE04EC0-301F-11D3-BF4B-00C04F79EFBC}") = "Pizza Store Exception Library", "Pizza Store Exception Library\Pizza Store Exception Library.csproj", "{CA571001-503D-44A6-BE51-8BCBBA1A6A01}"
EndProject
Global
	GlobalSection(SolutionConfigurationPlatforms) = preSolution
		Debug|Any CPU = Debug|Any CPU
		Release|Any CPU = Release|Any CPU
	EndGlobalSection
	GlobalSection(ProjectConfigurationPlatforms) = postSolution
		{30B57BA1-5121-4AA1-8E85-D5FA303C5570}.Debug|Any CPU.ActiveCfg = Debug|Any CPU
		{30B57BA1-5121-4AA1-8E85-D5FA303C5570}.Debug|Any CPU.Build.0 = Debug|Any CPU
		{30B57BA1-5121-4AA1-8E85-D5FA303C5570}.Release|Any CPU.ActiveCfg = Release|Any CPU
		{30B57BA1-5121-4AA1-8E85-D5FA303C5570}.Release|Any CPU.Build.0 = Release|Any CPU
		{EE055825-217E-462D-82E6-E75561B062DD}.Debug|Any CPU.ActiveCfg = Debug|Any CPU
		{EE055825-217E-462D-82E6-E75561B062DD}.Debug|Any CPU.Build.0 = Debug|Any CPU
		{EE055825-217E-462D-82E6-E75561B062DD}.Release|Any CPU.ActiveCfg = Release|Any CPU
		{EE055825-217E-462D-82E6-E75561B062DD}.Release|Any CPU.Build.0 = Release|Any CPU
		{F3D088AE-2F72-4410-85E3-A065B0E1B623}.Debug|Any CPU.ActiveCfg = Debug|Any CPU
		{F3D088AE-2F72-4410-85E3-A065B0E1B623}.Debug|Any CPU.Build.0 = Debug|Any CPU
		{F3D088AE-2F72-4410-85E3-A065B0E1B623}.Release|Any CPU.ActiveCfg = Release|Any CPU
		{F3D088AE-2F72-4410-85E3-A065B0E1B623}.Release|Any CPU.Build.0 = Release|Any CPU
		{29C10A29-EE4D-48AD-8204-A7C43A96CABA}.Debug|Any CPU.ActiveCfg = Debug|Any CPU
		{29C10A29-EE4D-48AD-8204-A7C43A96CABA}.Debug|Any CPU.Build.0 = Debug|Any CPU
		{29C10A29-EE4D-48AD-8204-A7C43A96CABA}.Release|Any CPU.ActiveCfg = Release|Any CPU
		{29C10A29-EE4D-48AD-8204-A7C43A96CABA}.Release|Any CPU.Build.0 = Release|Any CPU
		{CA571001-503D-44A6-BE51-8BCBBA1A6A01}.Debug|Any CPU.ActiveCfg = Debug|Any CPU
		{CA571001-503D-44A6-BE51-8BCBBA1A6A01}.Debug|Any CPU.Build.0 = Debug|Any CPU
		{CA571001-503D-44A6-BE51-8BCBBA1A6A01}.Release|Any CPU.ActiveCfg = Release|Any CPU
		{CA571001-503D-44A6-BE51-8BCBBA1A6A01}.Release|Any CPU.Build.0 = Release|Any CPU
	EndGlobalSection
	GlobalSection(SolutionProperties) = preSolution
		HideSolutionNode = FALSE
	EndGlobalSection
	GlobalSection(ExtensibilityGlobals) = postSolution
		SolutionGuid = {BE4AFF1B-7101-484F-B027-4F3CCA835B58}
	EndGlobalSection
EndGlobal
